
Microsoft Visual Studio Solution File, Format Version 12.00
# Visual Studio Version 17
VisualStudioVersion = 17.5.002.0
MinimumVisualStudioVersion = 10.0.40219.1
Project("{9A19103F-16F7-4668-BE54-9A1E7A4F7556}") = "Pipeline", "Pipeline.csproj", "{D40DFAC4-5A46-48BB-A374-BFCD5BFB769E}"
EndProject
Global
	GlobalSection(SolutionConfigurationPlatforms) = preSolution
		Debug|Any CPU = Debug|Any CPU
		Release|Any CPU = Release|Any CPU
	EndGlobalSection
	GlobalSection(ProjectConfigurationPlatforms) = postSolution
		{D40DFAC4-5A46-48BB-A374-BFCD5BFB769E}.Debug|Any CPU.ActiveCfg = Debug|Any CPU
		{D40DFAC4-5A46-48BB-A374-BFCD5BFB769E}.Debug|Any CPU.Build.0 = Debug|Any CPU
		{D40DFAC4-5A46-48BB-A374-BFCD5BFB769E}.Release|Any CPU.ActiveCfg = Release|Any CPU
		{D40DFAC4-5A46-48BB-A374-BFCD5BFB769E}.Release|Any CPU.Build.0 = Release|Any CPU
	EndGlobalSection
	GlobalSection(SolutionProperties) = preSolution
		HideSolutionNode = FALSE
	EndGlobalSection
	GlobalSection(ExtensibilityGlobals) = postSolution
		SolutionGuid = {4026E67C-7636-4CC3-9080-7C75A6DA0938}
	EndGlobalSection
EndGlobal
